
Microsoft Visual Studio Solution File, Format Version 12.00
# Visual Studio Version 16
VisualStudioVersion = 16.0.30114.105
MinimumVisualStudioVersion = 10.0.40219.1
Project("{2150E333-8FDC-42A3-9474-1A3956D46DE8}") = "src", "src", "{565C6579-A7B1-4F06-8008-6FA5D45BAAE6}"
EndProject
Project("{2150E333-8FDC-42A3-9474-1A3956D46DE8}") = "nginx", "nginx", "{8BE4DD56-B00C-4F0C-A935-A8E62B7FFA76}"
	ProjectSection(SolutionItems) = preProject
		nginx\nginx.conf = nginx\nginx.conf
	EndProjectSection
EndProject
Project("{FAE04EC0-301F-11D3-BF4B-00C04F79EFBC}") = "Domain", "src\Domain\Domain.csproj", "{A9C46845-EB2B-4D7F-BD41-F3CE24F6D6C6}"
EndProject
Project("{2150E333-8FDC-42A3-9474-1A3956D46DE8}") = "test", "test", "{E8618C57-35A5-41C0-86D8-C1FFCE00E992}"
EndProject
Project("{FAE04EC0-301F-11D3-BF4B-00C04F79EFBC}") = "Application", "src\Application\Application.csproj", "{2996EC9A-9457-49FC-8ED4-30A94D0369D2}"
EndProject
Project("{FAE04EC0-301F-11D3-BF4B-00C04F79EFBC}") = "Infrastructure", "src\Infrastructure\Infrastructure.csproj", "{AC8423B3-5D97-447D-8A57-3D0F98B05E1B}"
EndProject
Project("{FAE04EC0-301F-11D3-BF4B-00C04F79EFBC}") = "Shared", "src\Shared\Shared.csproj", "{456B4C09-5976-4685-AAB9-8D9689C4AF62}"
EndProject
Project("{2150E333-8FDC-42A3-9474-1A3956D46DE8}") = ".github", ".github", "{C14AB9EF-3189-4B38-8C71-C129850053B2}"
ProjectSection(SolutionItems) = preProject
		.github\workflows\dotnet.yml = .github\workflows\dotnet.yml
		.github\workflows\codeql-analysis.yml = .github\workflows\codeql-analysis.yml
EndProjectSection
EndProject
Global
	GlobalSection(SolutionConfigurationPlatforms) = preSolution
		Debug|Any CPU = Debug|Any CPU
		Debug|x64 = Debug|x64
		Debug|x86 = Debug|x86
		Release|Any CPU = Release|Any CPU
		Release|x64 = Release|x64
		Release|x86 = Release|x86
	EndGlobalSection
	GlobalSection(SolutionProperties) = preSolution
		HideSolutionNode = FALSE
	EndGlobalSection
	GlobalSection(ProjectConfigurationPlatforms) = postSolution
		{A9C46845-EB2B-4D7F-BD41-F3CE24F6D6C6}.Debug|Any CPU.ActiveCfg = Debug|Any CPU
		{A9C46845-EB2B-4D7F-BD41-F3CE24F6D6C6}.Debug|Any CPU.Build.0 = Debug|Any CPU
		{A9C46845-EB2B-4D7F-BD41-F3CE24F6D6C6}.Debug|x64.ActiveCfg = Debug|Any CPU
		{A9C46845-EB2B-4D7F-BD41-F3CE24F6D6C6}.Debug|x64.Build.0 = Debug|Any CPU
		{A9C46845-EB2B-4D7F-BD41-F3CE24F6D6C6}.Debug|x86.ActiveCfg = Debug|Any CPU
		{A9C46845-EB2B-4D7F-BD41-F3CE24F6D6C6}.Debug|x86.Build.0 = Debug|Any CPU
		{A9C46845-EB2B-4D7F-BD41-F3CE24F6D6C6}.Release|Any CPU.ActiveCfg = Release|Any CPU
		{A9C46845-EB2B-4D7F-BD41-F3CE24F6D6C6}.Release|Any CPU.Build.0 = Release|Any CPU
		{A9C46845-EB2B-4D7F-BD41-F3CE24F6D6C6}.Release|x64.ActiveCfg = Release|Any CPU
		{A9C46845-EB2B-4D7F-BD41-F3CE24F6D6C6}.Release|x64.Build.0 = Release|Any CPU
		{A9C46845-EB2B-4D7F-BD41-F3CE24F6D6C6}.Release|x86.ActiveCfg = Release|Any CPU
		{A9C46845-EB2B-4D7F-BD41-F3CE24F6D6C6}.Release|x86.Build.0 = Release|Any CPU
		{2996EC9A-9457-49FC-8ED4-30A94D0369D2}.Debug|Any CPU.ActiveCfg = Debug|Any CPU
		{2996EC9A-9457-49FC-8ED4-30A94D0369D2}.Debug|Any CPU.Build.0 = Debug|Any CPU
		{2996EC9A-9457-49FC-8ED4-30A94D0369D2}.Debug|x64.ActiveCfg = Debug|Any CPU
		{2996EC9A-9457-49FC-8ED4-30A94D0369D2}.Debug|x64.Build.0 = Debug|Any CPU
		{2996EC9A-9457-49FC-8ED4-30A94D0369D2}.Debug|x86.ActiveCfg = Debug|Any CPU
		{2996EC9A-9457-49FC-8ED4-30A94D0369D2}.Debug|x86.Build.0 = Debug|Any CPU
		{2996EC9A-9457-49FC-8ED4-30A94D0369D2}.Release|Any CPU.ActiveCfg = Release|Any CPU
		{2996EC9A-9457-49FC-8ED4-30A94D0369D2}.Release|Any CPU.Build.0 = Release|Any CPU
		{2996EC9A-9457-49FC-8ED4-30A94D0369D2}.Release|x64.ActiveCfg = Release|Any CPU
		{2996EC9A-9457-49FC-8ED4-30A94D0369D2}.Release|x64.Build.0 = Release|Any CPU
		{2996EC9A-9457-49FC-8ED4-30A94D0369D2}.Release|x86.ActiveCfg = Release|Any CPU
		{2996EC9A-9457-49FC-8ED4-30A94D0369D2}.Release|x86.Build.0 = Release|Any CPU
		{AC8423B3-5D97-447D-8A57-3D0F98B05E1B}.Debug|Any CPU.ActiveCfg = Debug|Any CPU
		{AC8423B3-5D97-447D-8A57-3D0F98B05E1B}.Debug|Any CPU.Build.0 = Debug|Any CPU
		{AC8423B3-5D97-447D-8A57-3D0F98B05E1B}.Debug|x64.ActiveCfg = Debug|Any CPU
		{AC8423B3-5D97-447D-8A57-3D0F98B05E1B}.Debug|x64.Build.0 = Debug|Any CPU
		{AC8423B3-5D97-447D-8A57-3D0F98B05E1B}.Debug|x86.ActiveCfg = Debug|Any CPU
		{AC8423B3-5D97-447D-8A57-3D0F98B05E1B}.Debug|x86.Build.0 = Debug|Any CPU
		{AC8423B3-5D97-447D-8A57-3D0F98B05E1B}.Release|Any CPU.ActiveCfg = Release|Any CPU
		{AC8423B3-5D97-447D-8A57-3D0F98B05E1B}.Release|Any CPU.Build.0 = Release|Any CPU
		{AC8423B3-5D97-447D-8A57-3D0F98B05E1B}.Release|x64.ActiveCfg = Release|Any CPU
		{AC8423B3-5D97-447D-8A57-3D0F98B05E1B}.Release|x64.Build.0 = Release|Any CPU
		{AC8423B3-5D97-447D-8A57-3D0F98B05E1B}.Release|x86.ActiveCfg = Release|Any CPU
		{AC8423B3-5D97-447D-8A57-3D0F98B05E1B}.Release|x86.Build.0 = Release|Any CPU
		{456B4C09-5976-4685-AAB9-8D9689C4AF62}.Debug|Any CPU.ActiveCfg = Debug|Any CPU
		{456B4C09-5976-4685-AAB9-8D9689C4AF62}.Debug|Any CPU.Build.0 = Debug|Any CPU
		{456B4C09-5976-4685-AAB9-8D9689C4AF62}.Debug|x64.ActiveCfg = Debug|Any CPU
		{456B4C09-5976-4685-AAB9-8D9689C4AF62}.Debug|x64.Build.0 = Debug|Any CPU
		{456B4C09-5976-4685-AAB9-8D9689C4AF62}.Debug|x86.ActiveCfg = Debug|Any CPU
		{456B4C09-5976-4685-AAB9-8D9689C4AF62}.Debug|x86.Build.0 = Debug|Any CPU
		{456B4C09-5976-4685-AAB9-8D9689C4AF62}.Release|Any CPU.ActiveCfg = Release|Any CPU
		{456B4C09-5976-4685-AAB9-8D9689C4AF62}.Release|Any CPU.Build.0 = Release|Any CPU
		{456B4C09-5976-4685-AAB9-8D9689C4AF62}.Release|x64.ActiveCfg = Release|Any CPU
		{456B4C09-5976-4685-AAB9-8D9689C4AF62}.Release|x64.Build.0 = Release|Any CPU
		{456B4C09-5976-4685-AAB9-8D9689C4AF62}.Release|x86.ActiveCfg = Release|Any CPU
		{456B4C09-5976-4685-AAB9-8D9689C4AF62}.Release|x86.Build.0 = Release|Any CPU
	EndGlobalSection
	GlobalSection(NestedProjects) = preSolution
		{A9C46845-EB2B-4D7F-BD41-F3CE24F6D6C6} = {565C6579-A7B1-4F06-8008-6FA5D45BAAE6}
		{2996EC9A-9457-49FC-8ED4-30A94D0369D2} = {565C6579-A7B1-4F06-8008-6FA5D45BAAE6}
		{AC8423B3-5D97-447D-8A57-3D0F98B05E1B} = {565C6579-A7B1-4F06-8008-6FA5D45BAAE6}
		{456B4C09-5976-4685-AAB9-8D9689C4AF62} = {565C6579-A7B1-4F06-8008-6FA5D45BAAE6}
	EndGlobalSection
EndGlobal
