
Microsoft Visual Studio Solution File, Format Version 12.00
# Visual Studio Version 16
VisualStudioVersion = 16.0.30114.105
MinimumVisualStudioVersion = 10.0.40219.1
Project("{2150E333-8FDC-42A3-9474-1A3956D46DE8}") = "nginx", "nginx", "{8BE4DD56-B00C-4F0C-A935-A8E62B7FFA76}"
	ProjectSection(SolutionItems) = preProject
		nginx\nginx.conf = nginx\nginx.conf
	EndProjectSection
EndProject
Project("{2150E333-8FDC-42A3-9474-1A3956D46DE8}") = "test", "test", "{E8618C57-35A5-41C0-86D8-C1FFCE00E992}"
EndProject
Project("{2150E333-8FDC-42A3-9474-1A3956D46DE8}") = ".github", ".github", "{C14AB9EF-3189-4B38-8C71-C129850053B2}"
	ProjectSection(SolutionItems) = preProject
		.github\workflows\dotnet.yml = .github\workflows\dotnet.yml
		.github\workflows\codeql-analysis.yml = .github\workflows\codeql-analysis.yml
	EndProjectSection
EndProject
Project("{FAE04EC0-301F-11D3-BF4B-00C04F79EFBC}") = "Application.Test", "test\Application.Test\Application.Test.csproj", "{43D7D351-05B2-49FC-B603-36CB1189CDE2}"
EndProject
Project("{FAE04EC0-301F-11D3-BF4B-00C04F79EFBC}") = "Integration.Test", "test\Integration.Test\Integration.Test.csproj", "{8F52DC93-BB35-4DC8-A310-8DA83F7829E7}"
EndProject
Project("{2150E333-8FDC-42A3-9474-1A3956D46DE8}") = "src", "src", "{389C2A1C-D7B9-4387-87DA-B92EBBDE6957}"
EndProject
Project("{2150E333-8FDC-42A3-9474-1A3956D46DE8}") = "Server", "Server", "{D5358051-6954-47A4-A090-EA59D2DB7284}"
EndProject
Project("{FAE04EC0-301F-11D3-BF4B-00C04F79EFBC}") = "Domain", "src\Server\Domain\Domain.csproj", "{0B614127-E347-4211-986C-7369763ACB6E}"
EndProject
Project("{FAE04EC0-301F-11D3-BF4B-00C04F79EFBC}") = "Application", "src\Server\Application\Application.csproj", "{6F31C6A7-68E3-4DE1-967F-F82FB61CE745}"
EndProject
Project("{FAE04EC0-301F-11D3-BF4B-00C04F79EFBC}") = "Shared", "src\Server\Shared\Shared.csproj", "{EBBEB44B-7508-4AE3-AF17-E630FA697BC9}"
EndProject
Project("{FAE04EC0-301F-11D3-BF4B-00C04F79EFBC}") = "Infrastructure", "src\Server\Infrastructure\Infrastructure.csproj", "{1CEC9545-B8EF-4C21-ABE8-1C10A2F47904}"
EndProject
Project("{2150E333-8FDC-42A3-9474-1A3956D46DE8}") = "Client", "Client", "{E671FE9F-F7D7-43DC-AD93-232BBB23FA03}"
EndProject
Project("{FAE04EC0-301F-11D3-BF4B-00C04F79EFBC}") = "Presentation", "src\Client\Presentation\Presentation.csproj", "{94035406-3114-4C2A-8AF6-A6FED8D6B9A0}"
EndProject
Project("{FAE04EC0-301F-11D3-BF4B-00C04F79EFBC}") = "Server", "src\Server\Server\Server.csproj", "{52485509-2C69-4E31-B31F-C4B058E2F32E}"
EndProject
Project("{FAE04EC0-301F-11D3-BF4B-00C04F79EFBC}") = "SharedLib", "src\SharedLib\SharedLib.csproj", "{31108961-42EB-47FE-A9DC-6401CDB6EDBF}"
EndProject
Project("{FAE04EC0-301F-11D3-BF4B-00C04F79EFBC}") = "Server.Test", "test\Server.Test\Server.Test.csproj", "{CB0D7C9D-AD4C-4EC4-8510-4633DDBB8CD2}"
EndProject
Global
	GlobalSection(SolutionConfigurationPlatforms) = preSolution
		Debug|Any CPU = Debug|Any CPU
		Debug|x64 = Debug|x64
		Debug|x86 = Debug|x86
		Release|Any CPU = Release|Any CPU
		Release|x64 = Release|x64
		Release|x86 = Release|x86
	EndGlobalSection
	GlobalSection(SolutionProperties) = preSolution
		HideSolutionNode = FALSE
	EndGlobalSection
	GlobalSection(ProjectConfigurationPlatforms) = postSolution
		{43D7D351-05B2-49FC-B603-36CB1189CDE2}.Debug|Any CPU.ActiveCfg = Debug|Any CPU
		{43D7D351-05B2-49FC-B603-36CB1189CDE2}.Debug|Any CPU.Build.0 = Debug|Any CPU
		{43D7D351-05B2-49FC-B603-36CB1189CDE2}.Debug|x64.ActiveCfg = Debug|Any CPU
		{43D7D351-05B2-49FC-B603-36CB1189CDE2}.Debug|x64.Build.0 = Debug|Any CPU
		{43D7D351-05B2-49FC-B603-36CB1189CDE2}.Debug|x86.ActiveCfg = Debug|Any CPU
		{43D7D351-05B2-49FC-B603-36CB1189CDE2}.Debug|x86.Build.0 = Debug|Any CPU
		{43D7D351-05B2-49FC-B603-36CB1189CDE2}.Release|Any CPU.ActiveCfg = Release|Any CPU
		{43D7D351-05B2-49FC-B603-36CB1189CDE2}.Release|Any CPU.Build.0 = Release|Any CPU
		{43D7D351-05B2-49FC-B603-36CB1189CDE2}.Release|x64.ActiveCfg = Release|Any CPU
		{43D7D351-05B2-49FC-B603-36CB1189CDE2}.Release|x64.Build.0 = Release|Any CPU
		{43D7D351-05B2-49FC-B603-36CB1189CDE2}.Release|x86.ActiveCfg = Release|Any CPU
		{43D7D351-05B2-49FC-B603-36CB1189CDE2}.Release|x86.Build.0 = Release|Any CPU
		{8F52DC93-BB35-4DC8-A310-8DA83F7829E7}.Debug|Any CPU.ActiveCfg = Debug|Any CPU
		{8F52DC93-BB35-4DC8-A310-8DA83F7829E7}.Debug|Any CPU.Build.0 = Debug|Any CPU
		{8F52DC93-BB35-4DC8-A310-8DA83F7829E7}.Debug|x64.ActiveCfg = Debug|Any CPU
		{8F52DC93-BB35-4DC8-A310-8DA83F7829E7}.Debug|x64.Build.0 = Debug|Any CPU
		{8F52DC93-BB35-4DC8-A310-8DA83F7829E7}.Debug|x86.ActiveCfg = Debug|Any CPU
		{8F52DC93-BB35-4DC8-A310-8DA83F7829E7}.Debug|x86.Build.0 = Debug|Any CPU
		{8F52DC93-BB35-4DC8-A310-8DA83F7829E7}.Release|Any CPU.ActiveCfg = Release|Any CPU
		{8F52DC93-BB35-4DC8-A310-8DA83F7829E7}.Release|Any CPU.Build.0 = Release|Any CPU
		{8F52DC93-BB35-4DC8-A310-8DA83F7829E7}.Release|x64.ActiveCfg = Release|Any CPU
		{8F52DC93-BB35-4DC8-A310-8DA83F7829E7}.Release|x64.Build.0 = Release|Any CPU
		{8F52DC93-BB35-4DC8-A310-8DA83F7829E7}.Release|x86.ActiveCfg = Release|Any CPU
		{8F52DC93-BB35-4DC8-A310-8DA83F7829E7}.Release|x86.Build.0 = Release|Any CPU
		{0B614127-E347-4211-986C-7369763ACB6E}.Debug|Any CPU.ActiveCfg = Debug|Any CPU
		{0B614127-E347-4211-986C-7369763ACB6E}.Debug|Any CPU.Build.0 = Debug|Any CPU
		{0B614127-E347-4211-986C-7369763ACB6E}.Debug|x64.ActiveCfg = Debug|Any CPU
		{0B614127-E347-4211-986C-7369763ACB6E}.Debug|x64.Build.0 = Debug|Any CPU
		{0B614127-E347-4211-986C-7369763ACB6E}.Debug|x86.ActiveCfg = Debug|Any CPU
		{0B614127-E347-4211-986C-7369763ACB6E}.Debug|x86.Build.0 = Debug|Any CPU
		{0B614127-E347-4211-986C-7369763ACB6E}.Release|Any CPU.ActiveCfg = Release|Any CPU
		{0B614127-E347-4211-986C-7369763ACB6E}.Release|Any CPU.Build.0 = Release|Any CPU
		{0B614127-E347-4211-986C-7369763ACB6E}.Release|x64.ActiveCfg = Release|Any CPU
		{0B614127-E347-4211-986C-7369763ACB6E}.Release|x64.Build.0 = Release|Any CPU
		{0B614127-E347-4211-986C-7369763ACB6E}.Release|x86.ActiveCfg = Release|Any CPU
		{0B614127-E347-4211-986C-7369763ACB6E}.Release|x86.Build.0 = Release|Any CPU
		{6F31C6A7-68E3-4DE1-967F-F82FB61CE745}.Debug|Any CPU.ActiveCfg = Debug|Any CPU
		{6F31C6A7-68E3-4DE1-967F-F82FB61CE745}.Debug|Any CPU.Build.0 = Debug|Any CPU
		{6F31C6A7-68E3-4DE1-967F-F82FB61CE745}.Debug|x64.ActiveCfg = Debug|Any CPU
		{6F31C6A7-68E3-4DE1-967F-F82FB61CE745}.Debug|x64.Build.0 = Debug|Any CPU
		{6F31C6A7-68E3-4DE1-967F-F82FB61CE745}.Debug|x86.ActiveCfg = Debug|Any CPU
		{6F31C6A7-68E3-4DE1-967F-F82FB61CE745}.Debug|x86.Build.0 = Debug|Any CPU
		{6F31C6A7-68E3-4DE1-967F-F82FB61CE745}.Release|Any CPU.ActiveCfg = Release|Any CPU
		{6F31C6A7-68E3-4DE1-967F-F82FB61CE745}.Release|Any CPU.Build.0 = Release|Any CPU
		{6F31C6A7-68E3-4DE1-967F-F82FB61CE745}.Release|x64.ActiveCfg = Release|Any CPU
		{6F31C6A7-68E3-4DE1-967F-F82FB61CE745}.Release|x64.Build.0 = Release|Any CPU
		{6F31C6A7-68E3-4DE1-967F-F82FB61CE745}.Release|x86.ActiveCfg = Release|Any CPU
		{6F31C6A7-68E3-4DE1-967F-F82FB61CE745}.Release|x86.Build.0 = Release|Any CPU
		{EBBEB44B-7508-4AE3-AF17-E630FA697BC9}.Debug|Any CPU.ActiveCfg = Debug|Any CPU
		{EBBEB44B-7508-4AE3-AF17-E630FA697BC9}.Debug|Any CPU.Build.0 = Debug|Any CPU
		{EBBEB44B-7508-4AE3-AF17-E630FA697BC9}.Debug|x64.ActiveCfg = Debug|Any CPU
		{EBBEB44B-7508-4AE3-AF17-E630FA697BC9}.Debug|x64.Build.0 = Debug|Any CPU
		{EBBEB44B-7508-4AE3-AF17-E630FA697BC9}.Debug|x86.ActiveCfg = Debug|Any CPU
		{EBBEB44B-7508-4AE3-AF17-E630FA697BC9}.Debug|x86.Build.0 = Debug|Any CPU
		{EBBEB44B-7508-4AE3-AF17-E630FA697BC9}.Release|Any CPU.ActiveCfg = Release|Any CPU
		{EBBEB44B-7508-4AE3-AF17-E630FA697BC9}.Release|Any CPU.Build.0 = Release|Any CPU
		{EBBEB44B-7508-4AE3-AF17-E630FA697BC9}.Release|x64.ActiveCfg = Release|Any CPU
		{EBBEB44B-7508-4AE3-AF17-E630FA697BC9}.Release|x64.Build.0 = Release|Any CPU
		{EBBEB44B-7508-4AE3-AF17-E630FA697BC9}.Release|x86.ActiveCfg = Release|Any CPU
		{EBBEB44B-7508-4AE3-AF17-E630FA697BC9}.Release|x86.Build.0 = Release|Any CPU
		{1CEC9545-B8EF-4C21-ABE8-1C10A2F47904}.Debug|Any CPU.ActiveCfg = Debug|Any CPU
		{1CEC9545-B8EF-4C21-ABE8-1C10A2F47904}.Debug|Any CPU.Build.0 = Debug|Any CPU
		{1CEC9545-B8EF-4C21-ABE8-1C10A2F47904}.Debug|x64.ActiveCfg = Debug|Any CPU
		{1CEC9545-B8EF-4C21-ABE8-1C10A2F47904}.Debug|x64.Build.0 = Debug|Any CPU
		{1CEC9545-B8EF-4C21-ABE8-1C10A2F47904}.Debug|x86.ActiveCfg = Debug|Any CPU
		{1CEC9545-B8EF-4C21-ABE8-1C10A2F47904}.Debug|x86.Build.0 = Debug|Any CPU
		{1CEC9545-B8EF-4C21-ABE8-1C10A2F47904}.Release|Any CPU.ActiveCfg = Release|Any CPU
		{1CEC9545-B8EF-4C21-ABE8-1C10A2F47904}.Release|Any CPU.Build.0 = Release|Any CPU
		{1CEC9545-B8EF-4C21-ABE8-1C10A2F47904}.Release|x64.ActiveCfg = Release|Any CPU
		{1CEC9545-B8EF-4C21-ABE8-1C10A2F47904}.Release|x64.Build.0 = Release|Any CPU
		{1CEC9545-B8EF-4C21-ABE8-1C10A2F47904}.Release|x86.ActiveCfg = Release|Any CPU
		{1CEC9545-B8EF-4C21-ABE8-1C10A2F47904}.Release|x86.Build.0 = Release|Any CPU
		{94035406-3114-4C2A-8AF6-A6FED8D6B9A0}.Debug|Any CPU.ActiveCfg = Debug|Any CPU
		{94035406-3114-4C2A-8AF6-A6FED8D6B9A0}.Debug|Any CPU.Build.0 = Debug|Any CPU
		{94035406-3114-4C2A-8AF6-A6FED8D6B9A0}.Debug|x64.ActiveCfg = Debug|Any CPU
		{94035406-3114-4C2A-8AF6-A6FED8D6B9A0}.Debug|x64.Build.0 = Debug|Any CPU
		{94035406-3114-4C2A-8AF6-A6FED8D6B9A0}.Debug|x86.ActiveCfg = Debug|Any CPU
		{94035406-3114-4C2A-8AF6-A6FED8D6B9A0}.Debug|x86.Build.0 = Debug|Any CPU
		{94035406-3114-4C2A-8AF6-A6FED8D6B9A0}.Release|Any CPU.ActiveCfg = Release|Any CPU
		{94035406-3114-4C2A-8AF6-A6FED8D6B9A0}.Release|Any CPU.Build.0 = Release|Any CPU
		{94035406-3114-4C2A-8AF6-A6FED8D6B9A0}.Release|x64.ActiveCfg = Release|Any CPU
		{94035406-3114-4C2A-8AF6-A6FED8D6B9A0}.Release|x64.Build.0 = Release|Any CPU
		{94035406-3114-4C2A-8AF6-A6FED8D6B9A0}.Release|x86.ActiveCfg = Release|Any CPU
		{94035406-3114-4C2A-8AF6-A6FED8D6B9A0}.Release|x86.Build.0 = Release|Any CPU
		{52485509-2C69-4E31-B31F-C4B058E2F32E}.Debug|Any CPU.ActiveCfg = Debug|Any CPU
		{52485509-2C69-4E31-B31F-C4B058E2F32E}.Debug|Any CPU.Build.0 = Debug|Any CPU
		{52485509-2C69-4E31-B31F-C4B058E2F32E}.Debug|x64.ActiveCfg = Debug|Any CPU
		{52485509-2C69-4E31-B31F-C4B058E2F32E}.Debug|x64.Build.0 = Debug|Any CPU
		{52485509-2C69-4E31-B31F-C4B058E2F32E}.Debug|x86.ActiveCfg = Debug|Any CPU
		{52485509-2C69-4E31-B31F-C4B058E2F32E}.Debug|x86.Build.0 = Debug|Any CPU
		{52485509-2C69-4E31-B31F-C4B058E2F32E}.Release|Any CPU.ActiveCfg = Release|Any CPU
		{52485509-2C69-4E31-B31F-C4B058E2F32E}.Release|Any CPU.Build.0 = Release|Any CPU
		{52485509-2C69-4E31-B31F-C4B058E2F32E}.Release|x64.ActiveCfg = Release|Any CPU
		{52485509-2C69-4E31-B31F-C4B058E2F32E}.Release|x64.Build.0 = Release|Any CPU
		{52485509-2C69-4E31-B31F-C4B058E2F32E}.Release|x86.ActiveCfg = Release|Any CPU
		{52485509-2C69-4E31-B31F-C4B058E2F32E}.Release|x86.Build.0 = Release|Any CPU
		{31108961-42EB-47FE-A9DC-6401CDB6EDBF}.Debug|Any CPU.ActiveCfg = Debug|Any CPU
		{31108961-42EB-47FE-A9DC-6401CDB6EDBF}.Debug|Any CPU.Build.0 = Debug|Any CPU
		{31108961-42EB-47FE-A9DC-6401CDB6EDBF}.Debug|x64.ActiveCfg = Debug|Any CPU
		{31108961-42EB-47FE-A9DC-6401CDB6EDBF}.Debug|x64.Build.0 = Debug|Any CPU
		{31108961-42EB-47FE-A9DC-6401CDB6EDBF}.Debug|x86.ActiveCfg = Debug|Any CPU
		{31108961-42EB-47FE-A9DC-6401CDB6EDBF}.Debug|x86.Build.0 = Debug|Any CPU
		{31108961-42EB-47FE-A9DC-6401CDB6EDBF}.Release|Any CPU.ActiveCfg = Release|Any CPU
		{31108961-42EB-47FE-A9DC-6401CDB6EDBF}.Release|Any CPU.Build.0 = Release|Any CPU
		{31108961-42EB-47FE-A9DC-6401CDB6EDBF}.Release|x64.ActiveCfg = Release|Any CPU
		{31108961-42EB-47FE-A9DC-6401CDB6EDBF}.Release|x64.Build.0 = Release|Any CPU
		{31108961-42EB-47FE-A9DC-6401CDB6EDBF}.Release|x86.ActiveCfg = Release|Any CPU
		{31108961-42EB-47FE-A9DC-6401CDB6EDBF}.Release|x86.Build.0 = Release|Any CPU
		{CB0D7C9D-AD4C-4EC4-8510-4633DDBB8CD2}.Debug|Any CPU.ActiveCfg = Debug|Any CPU
		{CB0D7C9D-AD4C-4EC4-8510-4633DDBB8CD2}.Debug|Any CPU.Build.0 = Debug|Any CPU
		{CB0D7C9D-AD4C-4EC4-8510-4633DDBB8CD2}.Debug|x64.ActiveCfg = Debug|Any CPU
		{CB0D7C9D-AD4C-4EC4-8510-4633DDBB8CD2}.Debug|x64.Build.0 = Debug|Any CPU
		{CB0D7C9D-AD4C-4EC4-8510-4633DDBB8CD2}.Debug|x86.ActiveCfg = Debug|Any CPU
		{CB0D7C9D-AD4C-4EC4-8510-4633DDBB8CD2}.Debug|x86.Build.0 = Debug|Any CPU
		{CB0D7C9D-AD4C-4EC4-8510-4633DDBB8CD2}.Release|Any CPU.ActiveCfg = Release|Any CPU
		{CB0D7C9D-AD4C-4EC4-8510-4633DDBB8CD2}.Release|Any CPU.Build.0 = Release|Any CPU
		{CB0D7C9D-AD4C-4EC4-8510-4633DDBB8CD2}.Release|x64.ActiveCfg = Release|Any CPU
		{CB0D7C9D-AD4C-4EC4-8510-4633DDBB8CD2}.Release|x64.Build.0 = Release|Any CPU
		{CB0D7C9D-AD4C-4EC4-8510-4633DDBB8CD2}.Release|x86.ActiveCfg = Release|Any CPU
		{CB0D7C9D-AD4C-4EC4-8510-4633DDBB8CD2}.Release|x86.Build.0 = Release|Any CPU
	EndGlobalSection
	GlobalSection(NestedProjects) = preSolution
		{43D7D351-05B2-49FC-B603-36CB1189CDE2} = {E8618C57-35A5-41C0-86D8-C1FFCE00E992}
		{8F52DC93-BB35-4DC8-A310-8DA83F7829E7} = {E8618C57-35A5-41C0-86D8-C1FFCE00E992}
		{D5358051-6954-47A4-A090-EA59D2DB7284} = {389C2A1C-D7B9-4387-87DA-B92EBBDE6957}
		{0B614127-E347-4211-986C-7369763ACB6E} = {D5358051-6954-47A4-A090-EA59D2DB7284}
		{6F31C6A7-68E3-4DE1-967F-F82FB61CE745} = {D5358051-6954-47A4-A090-EA59D2DB7284}
		{EBBEB44B-7508-4AE3-AF17-E630FA697BC9} = {D5358051-6954-47A4-A090-EA59D2DB7284}
		{1CEC9545-B8EF-4C21-ABE8-1C10A2F47904} = {D5358051-6954-47A4-A090-EA59D2DB7284}
		{E671FE9F-F7D7-43DC-AD93-232BBB23FA03} = {389C2A1C-D7B9-4387-87DA-B92EBBDE6957}
		{94035406-3114-4C2A-8AF6-A6FED8D6B9A0} = {E671FE9F-F7D7-43DC-AD93-232BBB23FA03}
		{52485509-2C69-4E31-B31F-C4B058E2F32E} = {D5358051-6954-47A4-A090-EA59D2DB7284}
		{31108961-42EB-47FE-A9DC-6401CDB6EDBF} = {389C2A1C-D7B9-4387-87DA-B92EBBDE6957}
		{CB0D7C9D-AD4C-4EC4-8510-4633DDBB8CD2} = {E8618C57-35A5-41C0-86D8-C1FFCE00E992}
	EndGlobalSection
EndGlobal
